
Microsoft Visual Studio Solution File, Format Version 12.00
# Visual Studio Version 17
VisualStudioVersion = 17.11.35327.3
MinimumVisualStudioVersion = 10.0.40219.1
Project("{FAE04EC0-301F-11D3-BF4B-00C04F79EFBC}") = "NguyenQuangManh_2210900039_k22cnt1", "NguyenQuangManh_2210900039_k22cnt1\NguyenQuangManh_2210900039_k22cnt1.csproj", "{D37BED5C-6B29-40BF-B0CD-2B642D203985}"
EndProject
Global
	GlobalSection(SolutionConfigurationPlatforms) = preSolution
		Debug|Any CPU = Debug|Any CPU
		Release|Any CPU = Release|Any CPU
	EndGlobalSection
	GlobalSection(ProjectConfigurationPlatforms) = postSolution
		{D37BED5C-6B29-40BF-B0CD-2B642D203985}.Debug|Any CPU.ActiveCfg = Debug|Any CPU
		{D37BED5C-6B29-40BF-B0CD-2B642D203985}.Debug|Any CPU.Build.0 = Debug|Any CPU
		{D37BED5C-6B29-40BF-B0CD-2B642D203985}.Release|Any CPU.ActiveCfg = Release|Any CPU
		{D37BED5C-6B29-40BF-B0CD-2B642D203985}.Release|Any CPU.Build.0 = Release|Any CPU
	EndGlobalSection
	GlobalSection(SolutionProperties) = preSolution
		HideSolutionNode = FALSE
	EndGlobalSection
	GlobalSection(ExtensibilityGlobals) = postSolution
		SolutionGuid = {537A37A6-C4AE-4D88-86FE-EAC056A015BC}
	EndGlobalSection
EndGlobal
